<Solution>
  <Project Path="MCPForUnity.Editor.csproj" />
  <Project Path="Assembly-CSharp.csproj" />
  <Project Path="AllIn13DShaderAssemebly.Editor.csproj" />
  <Project Path="DTT.RuntimeUtilities.Runtime.csproj" />
  <Project Path="AllIn13DShaderDemoScriptsAssembly.csproj" />
  <Project Path="ShaderCrew.TheToonShader.Core.Runtime.csproj" />
  <Project Path="DTT.AreaOfEffectRegions.Runtime.csproj" />
  <Project Path="DTT.EditorUtilities.Editor.csproj" />
  <Project Path="DTT.AreaOfEffectRegions.Editor.csproj" />
  <Project Path="DTT.AreaOfEffectRegions.Demo.csproj" />
  <Project Path="MCPForUnity.Runtime.csproj" />
  <Project Path="AllIn13DShaderAssemebly.csproj" />
  <Project Path="Assembly-CSharp-firstpass.csproj" />
  <Project Path="Sirenix.OdinInspector.Modules.Unity.Addressables.csproj" />
  <Project Path="ShaderCrew.TheToonShader.3D.Runtime.csproj" />
  <Project Path="CFXREditor.csproj" />
  <Project Path="Assembly-CSharp-Editor.csproj" />
  <Project Path="DTT.PublishingTools.Editor.csproj" />
  <Project Path="ToonyColorsPro.Demo.Editor.csproj" />
  <Project Path="CFXRRuntime.csproj" />
  <Project Path="AllIn1SpriteShaderAssembly.csproj" />
  <Project Path="DTT.RuntimeUtilities.Demo.csproj" />
  <Project Path="DTT.EditorUtilities.Demo.csproj" />
  <Project Path="KBCore.Refs.csproj" />
  <Project Path="Sirenix.OdinInspector.Modules.UnityMathematics.csproj" />
  <Project Path="ShaderCrew.TheToonShader.Core.Editor.csproj" />
  <Project Path="ShaderCrew.TheToonShader.3D.Editor.csproj" />
  <Project Path="DTT.AreaOfEffectRegions.Tests.Runtime.csproj" />
  <Project Path="CFXRDemo.csproj" />
  <Project Path="CFXR.WelcomeScreen.csproj" />
  <Project Path="KinoBloom.Runtime.csproj" />
  <Project Path="DTT.PublishingTools.Runtime.csproj" />
</Solution>
